Microsoft Visual Studio Solution File, Format Version 12.00
# Visual Studio Version 17
VisualStudioVersion = 17.5.2.0
MinimumVisualStudioVersion = 10.0.40219.1
Project("{FAE04EC0-301F-11D3-BF4B-00C04F79EFBC}") = "YNOV_Password", "YNOV_Password.csproj", "{F5124D5F-BB37-0068-E4B1-04AE57319B43}"
EndProject
Global
	GlobalSection(SolutionConfigurationPlatforms) = preSolution
		Debug|Any CPU = Debug|Any CPU
		Release|Any CPU = Release|Any CPU
	EndGlobalSection
	GlobalSection(ProjectConfigurationPlatforms) = postSolution
		{F5124D5F-BB37-0068-E4B1-04AE57319B43}.Debug|Any CPU.ActiveCfg = Debug|Any CPU
		{F5124D5F-BB37-0068-E4B1-04AE57319B43}.Debug|Any CPU.Build.0 = Debug|Any CPU
		{F5124D5F-BB37-0068-E4B1-04AE57319B43}.Release|Any CPU.ActiveCfg = Release|Any CPU
		{F5124D5F-BB37-0068-E4B1-04AE57319B43}.Release|Any CPU.Build.0 = Release|Any CPU
	EndGlobalSection
	GlobalSection(SolutionProperties) = preSolution
		HideSolutionNode = FALSE
	EndGlobalSection
	GlobalSection(ExtensibilityGlobals) = postSolution
		SolutionGuid = {C78652F1-C0F5-428C-9EA0-8D707231146D}
	EndGlobalSection
EndGlobal
